
Microsoft Visual Studio Solution File, Format Version 12.00
# Visual Studio 14
VisualStudioVersion = 14.0.24720.0
MinimumVisualStudioVersion = 10.0.40219.1
Project("{FAE04EC0-301F-11D3-BF4B-00C04F79EFBC}") = "LifXNet", "LifXNet\LifXNet.csproj", "{9A6103DD-529E-4384-B973-12420E422C05}"
EndProject
Project("{FAE04EC0-301F-11D3-BF4B-00C04F79EFBC}") = "ConsoleClient", "ConsoleClient\ConsoleClient.csproj", "{D82C833D-7A1E-4C14-8EBB-1C72339D9FFC}"
EndProject
Global
	GlobalSection(SolutionConfigurationPlatforms) = preSolution
		Debug|Any CPU = Debug|Any CPU
		Debug|ARM = Debug|ARM
		Debug|x64 = Debug|x64
		Debug|x86 = Debug|x86
		Release|Any CPU = Release|Any CPU
		Release|ARM = Release|ARM
		Release|x64 = Release|x64
		Release|x86 = Release|x86
	EndGlobalSection
	GlobalSection(ProjectConfigurationPlatforms) = postSolution
		{9A6103DD-529E-4384-B973-12420E422C05}.Debug|Any CPU.ActiveCfg = Debug|Any CPU
		{9A6103DD-529E-4384-B973-12420E422C05}.Debug|Any CPU.Build.0 = Debug|Any CPU
		{9A6103DD-529E-4384-B973-12420E422C05}.Debug|ARM.ActiveCfg = Debug|Any CPU
		{9A6103DD-529E-4384-B973-12420E422C05}.Debug|ARM.Build.0 = Debug|Any CPU
		{9A6103DD-529E-4384-B973-12420E422C05}.Debug|x64.ActiveCfg = Debug|Any CPU
		{9A6103DD-529E-4384-B973-12420E422C05}.Debug|x64.Build.0 = Debug|Any CPU
		{9A6103DD-529E-4384-B973-12420E422C05}.Debug|x86.ActiveCfg = Debug|Any CPU
		{9A6103DD-529E-4384-B973-12420E422C05}.Debug|x86.Build.0 = Debug|Any CPU
		{9A6103DD-529E-4384-B973-12420E422C05}.Release|Any CPU.ActiveCfg = Release|Any CPU
		{9A6103DD-529E-4384-B973-12420E422C05}.Release|Any CPU.Build.0 = Release|Any CPU
		{9A6103DD-529E-4384-B973-12420E422C05}.Release|ARM.ActiveCfg = Release|Any CPU
		{9A6103DD-529E-4384-B973-12420E422C05}.Release|ARM.Build.0 = Release|Any CPU
		{9A6103DD-529E-4384-B973-12420E422C05}.Release|x64.ActiveCfg = Release|Any CPU
		{9A6103DD-529E-4384-B973-12420E422C05}.Release|x64.Build.0 = Release|Any CPU
		{9A6103DD-529E-4384-B973-12420E422C05}.Release|x86.ActiveCfg = Release|Any CPU
		{9A6103DD-529E-4384-B973-12420E422C05}.Release|x86.Build.0 = Release|Any CPU
		{D82C833D-7A1E-4C14-8EBB-1C72339D9FFC}.Debug|Any CPU.ActiveCfg = Debug|Any CPU
		{D82C833D-7A1E-4C14-8EBB-1C72339D9FFC}.Debug|Any CPU.Build.0 = Debug|Any CPU
		{D82C833D-7A1E-4C14-8EBB-1C72339D9FFC}.Debug|ARM.ActiveCfg = Debug|Any CPU
		{D82C833D-7A1E-4C14-8EBB-1C72339D9FFC}.Debug|ARM.Build.0 = Debug|Any CPU
		{D82C833D-7A1E-4C14-8EBB-1C72339D9FFC}.Debug|x64.ActiveCfg = Debug|Any CPU
		{D82C833D-7A1E-4C14-8EBB-1C72339D9FFC}.Debug|x64.Build.0 = Debug|Any CPU
		{D82C833D-7A1E-4C14-8EBB-1C72339D9FFC}.Debug|x86.ActiveCfg = Debug|Any CPU
		{D82C833D-7A1E-4C14-8EBB-1C72339D9FFC}.Debug|x86.Build.0 = Debug|Any CPU
		{D82C833D-7A1E-4C14-8EBB-1C72339D9FFC}.Release|Any CPU.ActiveCfg = Release|Any CPU
		{D82C833D-7A1E-4C14-8EBB-1C72339D9FFC}.Release|Any CPU.Build.0 = Release|Any CPU
		{D82C833D-7A1E-4C14-8EBB-1C72339D9FFC}.Release|ARM.ActiveCfg = Release|Any CPU
		{D82C833D-7A1E-4C14-8EBB-1C72339D9FFC}.Release|ARM.Build.0 = Release|Any CPU
		{D82C833D-7A1E-4C14-8EBB-1C72339D9FFC}.Release|x64.ActiveCfg = Release|Any CPU
		{D82C833D-7A1E-4C14-8EBB-1C72339D9FFC}.Release|x64.Build.0 = Release|Any CPU
		{D82C833D-7A1E-4C14-8EBB-1C72339D9FFC}.Release|x86.ActiveCfg = Release|Any CPU
		{D82C833D-7A1E-4C14-8EBB-1C72339D9FFC}.Release|x86.Build.0 = Release|Any CPU
	EndGlobalSection
	GlobalSection(SolutionProperties) = preSolution
		HideSolutionNode = FALSE
	EndGlobalSection
EndGlobal
